// !$*UTF8*$!
{
	archiveVersion = 1;
	classes = {
	};
	objectVersion = 50;
	objects = {

/* Begin PBXBuildFile section */
		57023EEE24A8B88E00C9799C /* Extensions+Modifiers.swift in Sources */ = {isa = PBXBuildFile; fileRef = 57023EED24A8B88E00C9799C /* Extensions+Modifiers.swift */; };
		57023EEF24A8B88E00C9799C /* Extensions+Modifiers.swift in Sources */ = {isa = PBXBuildFile; fileRef = 57023EED24A8B88E00C9799C /* Extensions+Modifiers.swift */; };
		57270BB924B2997500EE7983 /* TextTransformation.swift in Sources */ = {isa = PBXBuildFile; fileRef = 57270BB824B2997500EE7983 /* TextTransformation.swift */; };
		57270BBA24B2997500EE7983 /* TextTransformation.swift in Sources */ = {isa = PBXBuildFile; fileRef = 57270BB824B2997500EE7983 /* TextTransformation.swift */; };
		57270BBC24B299AE00EE7983 /* Constants.swift in Sources */ = {isa = PBXBuildFile; fileRef = 57270BBB24B299AE00EE7983 /* Constants.swift */; };
		57270BBD24B299AE00EE7983 /* Constants.swift in Sources */ = {isa = PBXBuildFile; fileRef = 57270BBB24B299AE00EE7983 /* Constants.swift */; };
		5739242824A586230074AE57 /* Tests_iOS.swift in Sources */ = {isa = PBXBuildFile; fileRef = 5739242724A586230074AE57 /* Tests_iOS.swift */; };
		5739243324A586230074AE57 /* Tests_macOS.swift in Sources */ = {isa = PBXBuildFile; fileRef = 5739243224A586230074AE57 /* Tests_macOS.swift */; };
		5739243524A586230074AE57 /* DownerApp.swift in Sources */ = {isa = PBXBuildFile; fileRef = 5739240B24A586210074AE57 /* DownerApp.swift */; };
		5739243624A586230074AE57 /* DownerApp.swift in Sources */ = {isa = PBXBuildFile; fileRef = 5739240B24A586210074AE57 /* DownerApp.swift */; };
		5739243724A586230074AE57 /* DownerDocument.swift in Sources */ = {isa = PBXBuildFile; fileRef = 5739240C24A586210074AE57 /* DownerDocument.swift */; };
		5739243824A586230074AE57 /* DownerDocument.swift in Sources */ = {isa = PBXBuildFile; fileRef = 5739240C24A586210074AE57 /* DownerDocument.swift */; };
		5739243924A586230074AE57 /* ContentView.swift in Sources */ = {isa = PBXBuildFile; fileRef = 5739240D24A586210074AE57 /* ContentView.swift */; };
		5739243A24A586230074AE57 /* ContentView.swift in Sources */ = {isa = PBXBuildFile; fileRef = 5739240D24A586210074AE57 /* ContentView.swift */; };
		5739243B24A586230074AE57 /* Assets.xcassets in Resources */ = {isa = PBXBuildFile; fileRef = 5739240E24A586230074AE57 /* Assets.xcassets */; };
		5739243C24A586230074AE57 /* Assets.xcassets in Resources */ = {isa = PBXBuildFile; fileRef = 5739240E24A586230074AE57 /* Assets.xcassets */; };
		57E0066A24A6DC9C00CD44B9 /* WYSView.swift in Sources */ = {isa = PBXBuildFile; fileRef = 57E0066924A6DC9C00CD44B9 /* WYSView.swift */; };
		57E0066B24A6DC9C00CD44B9 /* WYSView.swift in Sources */ = {isa = PBXBuildFile; fileRef = 57E0066924A6DC9C00CD44B9 /* WYSView.swift */; };
		57FE8E0124B2145F00154285 /* readme.png in Resources */ = {isa = PBXBuildFile; fileRef = 57FE8E0024B2145F00154285 /* readme.png */; };
		57FE8E0224B2145F00154285 /* readme.png in Resources */ = {isa = PBXBuildFile; fileRef = 57FE8E0024B2145F00154285 /* readme.png */; };
/* End PBXBuildFile section */

/* Begin PBXContainerItemProxy section */
		5739242424A586230074AE57 /* PBXContainerItemProxy */ = {
			isa = PBXContainerItemProxy;
			containerPortal = 5739240624A586210074AE57 /* Project object */;
			proxyType = 1;
			remoteGlobalIDString = 5739241224A586230074AE57;
			remoteInfo = iOS;
		};
		5739242F24A586230074AE57 /* PBXContainerItemProxy */ = {
			isa = PBXContainerItemProxy;
			containerPortal = 5739240624A586210074AE57 /* Project object */;
			proxyType = 1;
			remoteGlobalIDString = 5739241A24A586230074AE57;
			remoteInfo = macOS;
		};
/* End PBXContainerItemProxy section */

/* Begin PBXFileReference section */
		57023EEC24A8B7D400C9799C /* README.md */ = {isa = PBXFileReference; lastKnownFileType = net.daringfireball.markdown; path = README.md; sourceTree = SOURCE_ROOT; };
		57023EED24A8B88E00C9799C /* Extensions+Modifiers.swift */ = {isa = PBXFileReference; lastKnownFileType = sourcecode.swift; path = "Extensions+Modifiers.swift"; sourceTree = "<group>"; };
		57270BB824B2997500EE7983 /* TextTransformation.swift */ = {isa = PBXFileReference; lastKnownFileType = sourcecode.swift; path = TextTransformation.swift; sourceTree = "<group>"; };
		57270BBB24B299AE00EE7983 /* Constants.swift */ = {isa = PBXFileReference; lastKnownFileType = sourcecode.swift; path = Constants.swift; sourceTree = "<group>"; };
		5739240B24A586210074AE57 /* DownerApp.swift */ = {isa = PBXFileReference; lastKnownFileType = sourcecode.swift; path = DownerApp.swift; sourceTree = "<group>"; };
		5739240C24A586210074AE57 /* DownerDocument.swift */ = {isa = PBXFileReference; lastKnownFileType = sourcecode.swift; path = DownerDocument.swift; sourceTree = "<group>"; };
		5739240D24A586210074AE57 /* ContentView.swift */ = {isa = PBXFileReference; lastKnownFileType = sourcecode.swift; path = ContentView.swift; sourceTree = "<group>"; };
		5739240E24A586230074AE57 /* Assets.xcassets */ = {isa = PBXFileReference; lastKnownFileType = folder.assetcatalog; path = Assets.xcassets; sourceTree = "<group>"; };
		5739241324A586230074AE57 /* Downer.app */ = {isa = PBXFileReference; explicitFileType = wrapper.application; includeInIndex = 0; path = Downer.app; sourceTree = BUILT_PRODUCTS_DIR; };
		5739241624A586230074AE57 /* Info.plist */ = {isa = PBXFileReference; lastKnownFileType = text.plist.xml; path = Info.plist; sourceTree = "<group>"; };
		5739241B24A586230074AE57 /* Downer.app */ = {isa = PBXFileReference; explicitFileType = wrapper.application; includeInIndex = 0; path = Downer.app; sourceTree = BUILT_PRODUCTS_DIR; };
		5739241D24A586230074AE57 /* Info.plist */ = {isa = PBXFileReference; lastKnownFileType = text.plist.xml; path = Info.plist; sourceTree = "<group>"; };
		5739241E24A586230074AE57 /* macOS.entitlements */ = {isa = PBXFileReference; lastKnownFileType = text.plist.entitlements; path = macOS.entitlements; sourceTree = "<group>"; };
		5739242324A586230074AE57 /* Tests iOS.xctest */ = {isa = PBXFileReference; explicitFileType = wrapper.cfbundle; includeInIndex = 0; path = "Tests iOS.xctest"; sourceTree = BUILT_PRODUCTS_DIR; };
		5739242724A586230074AE57 /* Tests_iOS.swift */ = {isa = PBXFileReference; lastKnownFileType = sourcecode.swift; path = Tests_iOS.swift; sourceTree = "<group>"; };
		5739242924A586230074AE57 /* Info.plist */ = {isa = PBXFileReference; lastKnownFileType = text.plist.xml; path = Info.plist; sourceTree = "<group>"; };
		5739242E24A586230074AE57 /* Tests macOS.xctest */ = {isa = PBXFileReference; explicitFileType = wrapper.cfbundle; includeInIndex = 0; path = "Tests macOS.xctest"; sourceTree = BUILT_PRODUCTS_DIR; };
		5739243224A586230074AE57 /* Tests_macOS.swift */ = {isa = PBXFileReference; lastKnownFileType = sourcecode.swift; path = Tests_macOS.swift; sourceTree = "<group>"; };
		5739243424A586230074AE57 /* Info.plist */ = {isa = PBXFileReference; lastKnownFileType = text.plist.xml; path = Info.plist; sourceTree = "<group>"; };
		57E0066924A6DC9C00CD44B9 /* WYSView.swift */ = {isa = PBXFileReference; lastKnownFileType = sourcecode.swift; path = WYSView.swift; sourceTree = "<group>"; };
		57FE8E0024B2145F00154285 /* readme.png */ = {isa = PBXFileReference; lastKnownFileType = image.png; path = readme.png; sourceTree = "<group>"; };
/* End PBXFileReference section */

/* Begin PBXFrameworksBuildPhase section */
		5739241024A586230074AE57 /* Frameworks */ = {
			isa = PBXFrameworksBuildPhase;
			buildActionMask = 2147483647;
			files = (
			);
			runOnlyForDeploymentPostprocessing = 0;
		};
		5739241824A586230074AE57 /* Frameworks */ = {
			isa = PBXFrameworksBuildPhase;
			buildActionMask = 2147483647;
			files = (
			);
			runOnlyForDeploymentPostprocessing = 0;
		};
		5739242024A586230074AE57 /* Frameworks */ = {
			isa = PBXFrameworksBuildPhase;
			buildActionMask = 2147483647;
			files = (
			);
			runOnlyForDeploymentPostprocessing = 0;
		};
		5739242B24A586230074AE57 /* Frameworks */ = {
			isa = PBXFrameworksBuildPhase;
			buildActionMask = 2147483647;
			files = (
			);
			runOnlyForDeploymentPostprocessing = 0;
		};
/* End PBXFrameworksBuildPhase section */

/* Begin PBXGroup section */
		57270BBE24B2A51100EE7983 /* App */ = {
			isa = PBXGroup;
			children = (
				5739240B24A586210074AE57 /* DownerApp.swift */,
				5739240C24A586210074AE57 /* DownerDocument.swift */,
			);
			path = App;
			sourceTree = "<group>";
		};
		57270BBF24B2A52000EE7983 /* Helpers */ = {
			isa = PBXGroup;
			children = (
				57023EED24A8B88E00C9799C /* Extensions+Modifiers.swift */,
				57270BB824B2997500EE7983 /* TextTransformation.swift */,
				57270BBB24B299AE00EE7983 /* Constants.swift */,
			);
			path = Helpers;
			sourceTree = "<group>";
		};
		57270BC024B2A53300EE7983 /* Views */ = {
			isa = PBXGroup;
			children = (
				57E0066924A6DC9C00CD44B9 /* WYSView.swift */,
				5739240D24A586210074AE57 /* ContentView.swift */,
			);
			path = Views;
			sourceTree = "<group>";
		};
		5739240524A586210074AE57 = {
			isa = PBXGroup;
			children = (
				57023EEC24A8B7D400C9799C /* README.md */,
				5739240A24A586210074AE57 /* Shared */,
				5739241524A586230074AE57 /* iOS */,
				5739241C24A586230074AE57 /* macOS */,
				57FE8DFF24B213AF00154285 /* Development Assets */,
				5739242624A586230074AE57 /* Tests iOS */,
				5739243124A586230074AE57 /* Tests macOS */,
				5739241424A586230074AE57 /* Products */,
			);
			sourceTree = "<group>";
		};
		5739240A24A586210074AE57 /* Shared */ = {
			isa = PBXGroup;
			children = (
				57270BBE24B2A51100EE7983 /* App */,
				57270BC024B2A53300EE7983 /* Views */,
				57270BBF24B2A52000EE7983 /* Helpers */,
				5739240E24A586230074AE57 /* Assets.xcassets */,
			);
			path = Shared;
			sourceTree = "<group>";
		};
		5739241424A586230074AE57 /* Products */ = {
			isa = PBXGroup;
			children = (
				5739241324A586230074AE57 /* Downer.app */,
				5739241B24A586230074AE57 /* Downer.app */,
				5739242324A586230074AE57 /* Tests iOS.xctest */,
				5739242E24A586230074AE57 /* Tests macOS.xctest */,
			);
			name = Products;
			sourceTree = "<group>";
		};
		5739241524A586230074AE57 /* iOS */ = {
			isa = PBXGroup;
			children = (
				5739241624A586230074AE57 /* Info.plist */,
			);
			path = iOS;
			sourceTree = "<group>";
		};
		5739241C24A586230074AE57 /* macOS */ = {
			isa = PBXGroup;
			children = (
				5739241D24A586230074AE57 /* Info.plist */,
				5739241E24A586230074AE57 /* macOS.entitlements */,
			);
			path = macOS;
			sourceTree = "<group>";
		};
		5739242624A586230074AE57 /* Tests iOS */ = {
			isa = PBXGroup;
			children = (
				5739242724A586230074AE57 /* Tests_iOS.swift */,
				5739242924A586230074AE57 /* Info.plist */,
			);
			path = "Tests iOS";
			sourceTree = "<group>";
		};
		5739243124A586230074AE57 /* Tests macOS */ = {
			isa = PBXGroup;
			children = (
				5739243224A586230074AE57 /* Tests_macOS.swift */,
				5739243424A586230074AE57 /* Info.plist */,
			);
			path = "Tests macOS";
			sourceTree = "<group>";
		};
		57FE8DFF24B213AF00154285 /* Development Assets */ = {
			isa = PBXGroup;
			children = (
				57FE8E0024B2145F00154285 /* readme.png */,
			);
			path = "Development Assets";
			sourceTree = "<group>";
		};
/* End PBXGroup section */

/* Begin PBXNativeTarget section */
		5739241224A586230074AE57 /* iOS */ = {
			isa = PBXNativeTarget;
			buildConfigurationList = 5739243F24A586230074AE57 /* Build configuration list for PBXNativeTarget "iOS" */;
			buildPhases = (
				5739240F24A586230074AE57 /* Sources */,
				5739241024A586230074AE57 /* Frameworks */,
				5739241124A586230074AE57 /* Resources */,
			);
			buildRules = (
			);
			dependencies = (
			);
			name = iOS;
			productName = iOS;
			productReference = 5739241324A586230074AE57 /* Downer.app */;
			productType = "com.apple.product-type.application";
		};
		5739241A24A586230074AE57 /* macOS */ = {
			isa = PBXNativeTarget;
			buildConfigurationList = 5739244224A586230074AE57 /* Build configuration list for PBXNativeTarget "macOS" */;
			buildPhases = (
				5739241724A586230074AE57 /* Sources */,
				5739241824A586230074AE57 /* Frameworks */,
				5739241924A586230074AE57 /* Resources */,
			);
			buildRules = (
			);
			dependencies = (
			);
			name = macOS;
			productName = macOS;
			productReference = 5739241B24A586230074AE57 /* Downer.app */;
			productType = "com.apple.product-type.application";
		};
		5739242224A586230074AE57 /* Tests iOS */ = {
			isa = PBXNativeTarget;
			buildConfigurationList = 5739244524A586230074AE57 /* Build configuration list for PBXNativeTarget "Tests iOS" */;
			buildPhases = (
				5739241F24A586230074AE57 /* Sources */,
				5739242024A586230074AE57 /* Frameworks */,
				5739242124A586230074AE57 /* Resources */,
			);
			buildRules = (
			);
			dependencies = (
				5739242524A586230074AE57 /* PBXTargetDependency */,
			);
			name = "Tests iOS";
			productName = "Tests iOS";
			productReference = 5739242324A586230074AE57 /* Tests iOS.xctest */;
			productType = "com.apple.product-type.bundle.ui-testing";
		};
		5739242D24A586230074AE57 /* Tests macOS */ = {
			isa = PBXNativeTarget;
			buildConfigurationList = 5739244824A586230074AE57 /* Build configuration list for PBXNativeTarget "Tests macOS" */;
			buildPhases = (
				5739242A24A586230074AE57 /* Sources */,
				5739242B24A586230074AE57 /* Frameworks */,
				5739242C24A586230074AE57 /* Resources */,
			);
			buildRules = (
			);
			dependencies = (
				5739243024A586230074AE57 /* PBXTargetDependency */,
			);
			name = "Tests macOS";
			productName = "Tests macOS";
			productReference = 5739242E24A586230074AE57 /* Tests macOS.xctest */;
			productType = "com.apple.product-type.bundle.ui-testing";
		};
/* End PBXNativeTarget section */

/* Begin PBXProject section */
		5739240624A586210074AE57 /* Project object */ = {
			isa = PBXProject;
			attributes = {
				LastSwiftUpdateCheck = 1200;
				LastUpgradeCheck = 1200;
				TargetAttributes = {
					5739241224A586230074AE57 = {
						CreatedOnToolsVersion = 12.0;
					};
					5739241A24A586230074AE57 = {
						CreatedOnToolsVersion = 12.0;
					};
					5739242224A586230074AE57 = {
						CreatedOnToolsVersion = 12.0;
						TestTargetID = 5739241224A586230074AE57;
					};
					5739242D24A586230074AE57 = {
						CreatedOnToolsVersion = 12.0;
						TestTargetID = 5739241A24A586230074AE57;
					};
				};
			};
			buildConfigurationList = 5739240924A586210074AE57 /* Build configuration list for PBXProject "Downer" */;
			compatibilityVersion = "Xcode 9.3";
			developmentRegion = en;
			hasScannedForEncodings = 0;
			knownRegions = (
				en,
				Base,
			);
			mainGroup = 5739240524A586210074AE57;
			productRefGroup = 5739241424A586230074AE57 /* Products */;
			projectDirPath = "";
			projectRoot = "";
			targets = (
				5739241224A586230074AE57 /* iOS */,
				5739241A24A586230074AE57 /* macOS */,
				5739242224A586230074AE57 /* Tests iOS */,
				5739242D24A586230074AE57 /* Tests macOS */,
			);
		};
/* End PBXProject section */

/* Begin PBXResourcesBuildPhase section */
		5739241124A586230074AE57 /* Resources */ = {
			isa = PBXResourcesBuildPhase;
			buildActionMask = 2147483647;
			files = (
				5739243B24A586230074AE57 /* Assets.xcassets in Resources */,
				57FE8E0124B2145F00154285 /* readme.png in Resources */,
			);
			runOnlyForDeploymentPostprocessing = 0;
		};
		5739241924A586230074AE57 /* Resources */ = {
			isa = PBXResourcesBuildPhase;
			buildActionMask = 2147483647;
			files = (
				5739243C24A586230074AE57 /* Assets.xcassets in Resources */,
				57FE8E0224B2145F00154285 /* readme.png in Resources */,
			);
			runOnlyForDeploymentPostprocessing = 0;
		};
		5739242124A586230074AE57 /* Resources */ = {
			isa = PBXResourcesBuildPhase;
			buildActionMask = 2147483647;
			files = (
			);
			runOnlyForDeploymentPostprocessing = 0;
		};
		5739242C24A586230074AE57 /* Resources */ = {
			isa = PBXResourcesBuildPhase;
			buildActionMask = 2147483647;
			files = (
			);
			runOnlyForDeploymentPostprocessing = 0;
		};
/* End PBXResourcesBuildPhase section */

/* Begin PBXSourcesBuildPhase section */
		5739240F24A586230074AE57 /* Sources */ = {
			isa = PBXSourcesBuildPhase;
			buildActionMask = 2147483647;
			files = (
				57023EEE24A8B88E00C9799C /* Extensions+Modifiers.swift in Sources */,
				57270BB924B2997500EE7983 /* TextTransformation.swift in Sources */,
				5739243524A586230074AE57 /* DownerApp.swift in Sources */,
				5739243724A586230074AE57 /* DownerDocument.swift in Sources */,
				57270BBC24B299AE00EE7983 /* Constants.swift in Sources */,
				57E0066A24A6DC9C00CD44B9 /* WYSView.swift in Sources */,
				5739243924A586230074AE57 /* ContentView.swift in Sources */,
			);
			runOnlyForDeploymentPostprocessing = 0;
		};
		5739241724A586230074AE57 /* Sources */ = {
			isa = PBXSourcesBuildPhase;
			buildActionMask = 2147483647;
			files = (
				57023EEF24A8B88E00C9799C /* Extensions+Modifiers.swift in Sources */,
				57270BBA24B2997500EE7983 /* TextTransformation.swift in Sources */,
				5739243624A586230074AE57 /* DownerApp.swift in Sources */,
				5739243824A586230074AE57 /* DownerDocument.swift in Sources */,
				57270BBD24B299AE00EE7983 /* Constants.swift in Sources */,
				57E0066B24A6DC9C00CD44B9 /* WYSView.swift in Sources */,
				5739243A24A586230074AE57 /* ContentView.swift in Sources */,
			);
			runOnlyForDeploymentPostprocessing = 0;
		};
		5739241F24A586230074AE57 /* Sources */ = {
			isa = PBXSourcesBuildPhase;
			buildActionMask = 2147483647;
			files = (
				5739242824A586230074AE57 /* Tests_iOS.swift in Sources */,
			);
			runOnlyForDeploymentPostprocessing = 0;
		};
		5739242A24A586230074AE57 /* Sources */ = {
			isa = PBXSourcesBuildPhase;
			buildActionMask = 2147483647;
			files = (
				5739243324A586230074AE57 /* Tests_macOS.swift in Sources */,
			);
			runOnlyForDeploymentPostprocessing = 0;
		};
/* End PBXSourcesBuildPhase section */

/* Begin PBXTargetDependency section */
		5739242524A586230074AE57 /* PBXTargetDependency */ = {
			isa = PBXTargetDependency;
			target = 5739241224A586230074AE57 /* iOS */;
			targetProxy = 5739242424A586230074AE57 /* PBXContainerItemProxy */;
		};
		5739243024A586230074AE57 /* PBXTargetDependency */ = {
			isa = PBXTargetDependency;
			target = 5739241A24A586230074AE57 /* macOS */;
			targetProxy = 5739242F24A586230074AE57 /* PBXContainerItemProxy */;
		};
/* End PBXTargetDependency section */

/* Begin XCBuildConfiguration section */
		5739243D24A586230074AE57 /* Debug */ = {
			isa = XCBuildConfiguration;
			buildSettings = {
				ALWAYS_SEARCH_USER_PATHS = NO;
				CLANG_ANALYZER_NONNULL = YES;
				CLANG_ANALYZER_NUMBER_OBJECT_CONVERSION = YES_AGGRESSIVE;
				CLANG_CXX_LANGUAGE_STANDARD = "gnu++14";
				CLANG_CXX_LIBRARY = "libc++";
				CLANG_ENABLE_MODULES = YES;
				CLANG_ENABLE_OBJC_ARC = YES;
				CLANG_ENABLE_OBJC_WEAK = YES;
				CLANG_WARN_BLOCK_CAPTURE_AUTORELEASING = YES;
				CLANG_WARN_BOOL_CONVERSION = YES;
				CLANG_WARN_COMMA = YES;
				CLANG_WARN_CONSTANT_CONVERSION = YES;
				CLANG_WARN_DEPRECATED_OBJC_IMPLEMENTATIONS = YES;
				CLANG_WARN_DIRECT_OBJC_ISA_USAGE = YES_ERROR;
				CLANG_WARN_DOCUMENTATION_COMMENTS = YES;
				CLANG_WARN_EMPTY_BODY = YES;
				CLANG_WARN_ENUM_CONVERSION = YES;
				CLANG_WARN_INFINITE_RECURSION = YES;
				CLANG_WARN_INT_CONVERSION = YES;
				CLANG_WARN_NON_LITERAL_NULL_CONVERSION = YES;
				CLANG_WARN_OBJC_IMPLICIT_RETAIN_SELF = YES;
				CLANG_WARN_OBJC_LITERAL_CONVERSION = YES;
				CLANG_WARN_OBJC_ROOT_CLASS = YES_ERROR;
				CLANG_WARN_QUOTED_INCLUDE_IN_FRAMEWORK_HEADER = YES;
				CLANG_WARN_RANGE_LOOP_ANALYSIS = YES;
				CLANG_WARN_STRICT_PROTOTYPES = YES;
				CLANG_WARN_SUSPICIOUS_MOVE = YES;
				CLANG_WARN_UNGUARDED_AVAILABILITY = YES_AGGRESSIVE;
				CLANG_WARN_UNREACHABLE_CODE = YES;
				CLANG_WARN__DUPLICATE_METHOD_MATCH = YES;
				COPY_PHASE_STRIP = NO;
				DEBUG_INFORMATION_FORMAT = dwarf;
				ENABLE_STRICT_OBJC_MSGSEND = YES;
				ENABLE_TESTABILITY = YES;
				GCC_C_LANGUAGE_STANDARD = gnu11;
				GCC_DYNAMIC_NO_PIC = NO;
				GCC_NO_COMMON_BLOCKS = YES;
				GCC_OPTIMIZATION_LEVEL = 0;
				GCC_PREPROCESSOR_DEFINITIONS = (
					"DEBUG=1",
					"$(inherited)",
				);
				GCC_WARN_64_TO_32_BIT_CONVERSION = YES;
				GCC_WARN_ABOUT_RETURN_TYPE = YES_ERROR;
				GCC_WARN_UNDECLARED_SELECTOR = YES;
				GCC_WARN_UNINITIALIZED_AUTOS = YES_AGGRESSIVE;
				GCC_WARN_UNUSED_FUNCTION = YES;
				GCC_WARN_UNUSED_VARIABLE = YES;
				MTL_ENABLE_DEBUG_INFO = INCLUDE_SOURCE;
				MTL_FAST_MATH = YES;
				ONLY_ACTIVE_ARCH = YES;
				SWIFT_ACTIVE_COMPILATION_CONDITIONS = DEBUG;
				SWIFT_OPTIMIZATION_LEVEL = "-Onone";
			};
			name = Debug;
		};
		5739243E24A586230074AE57 /* Release */ = {
			isa = XCBuildConfiguration;
			buildSettings = {
				ALWAYS_SEARCH_USER_PATHS = NO;
				CLANG_ANALYZER_NONNULL = YES;
				CLANG_ANALYZER_NUMBER_OBJECT_CONVERSION = YES_AGGRESSIVE;
				CLANG_CXX_LANGUAGE_STANDARD = "gnu++14";
				CLANG_CXX_LIBRARY = "libc++";
				CLANG_ENABLE_MODULES = YES;
				CLANG_ENABLE_OBJC_ARC = YES;
				CLANG_ENABLE_OBJC_WEAK = YES;
				CLANG_WARN_BLOCK_CAPTURE_AUTORELEASING = YES;
				CLANG_WARN_BOOL_CONVERSION = YES;
				CLANG_WARN_COMMA = YES;
				CLANG_WARN_CONSTANT_CONVERSION = YES;
				CLANG_WARN_DEPRECATED_OBJC_IMPLEMENTATIONS = YES;
				CLANG_WARN_DIRECT_OBJC_ISA_USAGE = YES_ERROR;
				CLANG_WARN_DOCUMENTATION_COMMENTS = YES;
				CLANG_WARN_EMPTY_BODY = YES;
				CLANG_WARN_ENUM_CONVERSION = YES;
				CLANG_WARN_INFINITE_RECURSION = YES;
				CLANG_WARN_INT_CONVERSION = YES;
				CLANG_WARN_NON_LITERAL_NULL_CONVERSION = YES;
				CLANG_WARN_OBJC_IMPLICIT_RETAIN_SELF = YES;
				CLANG_WARN_OBJC_LITERAL_CONVERSION = YES;
				CLANG_WARN_OBJC_ROOT_CLASS = YES_ERROR;
				CLANG_WARN_QUOTED_INCLUDE_IN_FRAMEWORK_HEADER = YES;
				CLANG_WARN_RANGE_LOOP_ANALYSIS = YES;
				CLANG_WARN_STRICT_PROTOTYPES = YES;
				CLANG_WARN_SUSPICIOUS_MOVE = YES;
				CLANG_WARN_UNGUARDED_AVAILABILITY = YES_AGGRESSIVE;
				CLANG_WARN_UNREACHABLE_CODE = YES;
				CLANG_WARN__DUPLICATE_METHOD_MATCH = YES;
				COPY_PHASE_STRIP = NO;
				DEBUG_INFORMATION_FORMAT = "dwarf-with-dsym";
				ENABLE_NS_ASSERTIONS = NO;
				ENABLE_STRICT_OBJC_MSGSEND = YES;
				GCC_C_LANGUAGE_STANDARD = gnu11;
				GCC_NO_COMMON_BLOCKS = YES;
				GCC_WARN_64_TO_32_BIT_CONVERSION = YES;
				GCC_WARN_ABOUT_RETURN_TYPE = YES_ERROR;
				GCC_WARN_UNDECLARED_SELECTOR = YES;
				GCC_WARN_UNINITIALIZED_AUTOS = YES_AGGRESSIVE;
				GCC_WARN_UNUSED_FUNCTION = YES;
				GCC_WARN_UNUSED_VARIABLE = YES;
				MTL_ENABLE_DEBUG_INFO = NO;
				MTL_FAST_MATH = YES;
				SWIFT_COMPILATION_MODE = wholemodule;
				SWIFT_OPTIMIZATION_LEVEL = "-O";
			};
			name = Release;
		};
		5739244024A586230074AE57 /* Debug */ = {
			isa = XCBuildConfiguration;
			buildSettings = {
				ASSETCATALOG_COMPILER_APPICON_NAME = AppIcon;
				ASSETCATALOG_COMPILER_GLOBAL_ACCENT_COLOR_NAME = AccentColor;
				CODE_SIGN_STYLE = Automatic;
				DEVELOPMENT_ASSET_PATHS = "Development\\ Assets";
				DEVELOPMENT_TEAM = 3C42F7N9CQ;
				ENABLE_PREVIEWS = YES;
				INFOPLIST_FILE = iOS/Info.plist;
				IPHONEOS_DEPLOYMENT_TARGET = 14.0;
				LD_RUNPATH_SEARCH_PATHS = (
					"$(inherited)",
					"@executable_path/Frameworks",
				);
				PRODUCT_BUNDLE_IDENTIFIER = co.jossy.Downer;
				PRODUCT_NAME = Downer;
				SDKROOT = iphoneos;
				SWIFT_VERSION = 5.0;
				TARGETED_DEVICE_FAMILY = "1,2";
			};
			name = Debug;
		};
		5739244124A586230074AE57 /* Release */ = {
			isa = XCBuildConfiguration;
			buildSettings = {
				ASSETCATALOG_COMPILER_APPICON_NAME = AppIcon;
				ASSETCATALOG_COMPILER_GLOBAL_ACCENT_COLOR_NAME = AccentColor;
				CODE_SIGN_STYLE = Automatic;
				DEVELOPMENT_ASSET_PATHS = "Development\\ Assets";
				DEVELOPMENT_TEAM = 3C42F7N9CQ;
				ENABLE_PREVIEWS = YES;
				INFOPLIST_FILE = iOS/Info.plist;
				IPHONEOS_DEPLOYMENT_TARGET = 14.0;
				LD_RUNPATH_SEARCH_PATHS = (
					"$(inherited)",
					"@executable_path/Frameworks",
				);
				PRODUCT_BUNDLE_IDENTIFIER = co.jossy.Downer;
				PRODUCT_NAME = Downer;
				SDKROOT = iphoneos;
				SWIFT_VERSION = 5.0;
				TARGETED_DEVICE_FAMILY = "1,2";
				VALIDATE_PRODUCT = YES;
			};
			name = Release;
		};
		5739244324A586230074AE57 /* Debug */ = {
			isa = XCBuildConfiguration;
			buildSettings = {
				ASSETCATALOG_COMPILER_APPICON_NAME = AppIcon;
				ASSETCATALOG_COMPILER_GLOBAL_ACCENT_COLOR_NAME = AccentColor;
				CODE_SIGN_ENTITLEMENTS = macOS/macOS.entitlements;
				CODE_SIGN_STYLE = Automatic;
				COMBINE_HIDPI_IMAGES = YES;
				DEVELOPMENT_ASSET_PATHS = "Development\\ Assets";
				DEVELOPMENT_TEAM = 3C42F7N9CQ;
				ENABLE_HARDENED_RUNTIME = YES;
				ENABLE_PREVIEWS = YES;
				INFOPLIST_FILE = macOS/Info.plist;
				LD_RUNPATH_SEARCH_PATHS = (
					"$(inherited)",
					"@executable_path/../Frameworks",
				);
				MACOSX_DEPLOYMENT_TARGET = 10.16;
				PRODUCT_BUNDLE_IDENTIFIER = co.jossy.Downer;
				PRODUCT_NAME = Downer;
				SDKROOT = macosx;
				SWIFT_VERSION = 5.0;
			};
			name = Debug;
		};
		5739244424A586230074AE57 /* Release */ = {
			isa = XCBuildConfiguration;
			buildSettings = {
				ASSETCATALOG_COMPILER_APPICON_NAME = AppIcon;
				ASSETCATALOG_COMPILER_GLOBAL_ACCENT_COLOR_NAME = AccentColor;
				CODE_SIGN_ENTITLEMENTS = macOS/macOS.entitlements;
				CODE_SIGN_STYLE = Automatic;
				COMBINE_HIDPI_IMAGES = YES;
				DEVELOPMENT_ASSET_PATHS = "Development\\ Assets";
				DEVELOPMENT_TEAM = 3C42F7N9CQ;
				ENABLE_HARDENED_RUNTIME = YES;
				ENABLE_PREVIEWS = YES;
				INFOPLIST_FILE = macOS/Info.plist;
				LD_RUNPATH_SEARCH_PATHS = (
					"$(inherited)",
					"@executable_path/../Frameworks",
				);
				MACOSX_DEPLOYMENT_TARGET = 10.16;
				PRODUCT_BUNDLE_IDENTIFIER = co.jossy.Downer;
				PRODUCT_NAME = Downer;
				SDKROOT = macosx;
				SWIFT_VERSION = 5.0;
			};
			name = Release;
		};
		5739244624A586230074AE57 /* Debug */ = {
			isa = XCBuildConfiguration;
			buildSettings = {
				ALWAYS_EMBED_SWIFT_STANDARD_LIBRARIES = YES;
				CODE_SIGN_STYLE = Automatic;
				DEVELOPMENT_TEAM = 3C42F7N9CQ;
				INFOPLIST_FILE = "Tests iOS/Info.plist";
				IPHONEOS_DEPLOYMENT_TARGET = 14.0;
				LD_RUNPATH_SEARCH_PATHS = (
					"$(inherited)",
					"@executable_path/Frameworks",
					"@loader_path/Frameworks",
				);
				PRODUCT_BUNDLE_IDENTIFIER = "co.jossy.Tests-iOS";
				PRODUCT_NAME = "$(TARGET_NAME)";
				SDKROOT = iphoneos;
				SWIFT_VERSION = 5.0;
				TARGETED_DEVICE_FAMILY = "1,2";
				TEST_TARGET_NAME = iOS;
			};
			name = Debug;
		};
		5739244724A586230074AE57 /* Release */ = {
			isa = XCBuildConfiguration;
			buildSettings = {
				ALWAYS_EMBED_SWIFT_STANDARD_LIBRARIES = YES;
				CODE_SIGN_STYLE = Automatic;
				DEVELOPMENT_TEAM = 3C42F7N9CQ;
				INFOPLIST_FILE = "Tests iOS/Info.plist";
				IPHONEOS_DEPLOYMENT_TARGET = 14.0;
				LD_RUNPATH_SEARCH_PATHS = (
					"$(inherited)",
					"@executable_path/Frameworks",
					"@loader_path/Frameworks",
				);
				PRODUCT_BUNDLE_IDENTIFIER = "co.jossy.Tests-iOS";
				PRODUCT_NAME = "$(TARGET_NAME)";
				SDKROOT = iphoneos;
				SWIFT_VERSION = 5.0;
				TARGETED_DEVICE_FAMILY = "1,2";
				TEST_TARGET_NAME = iOS;
				VALIDATE_PRODUCT = YES;
			};
			name = Release;
		};
		5739244924A586230074AE57 /* Debug */ = {
			isa = XCBuildConfiguration;
			buildSettings = {
				ALWAYS_EMBED_SWIFT_STANDARD_LIBRARIES = YES;
				CODE_SIGN_STYLE = Automatic;
				COMBINE_HIDPI_IMAGES = YES;
				DEVELOPMENT_TEAM = 3C42F7N9CQ;
				INFOPLIST_FILE = "Tests macOS/Info.plist";
				LD_RUNPATH_SEARCH_PATHS = (
					"$(inherited)",
					"@executable_path/../Frameworks",
					"@loader_path/../Frameworks",
				);
				MACOSX_DEPLOYMENT_TARGET = 10.16;
				PRODUCT_BUNDLE_IDENTIFIER = "co.jossy.Tests-macOS";
				PRODUCT_NAME = "$(TARGET_NAME)";
				SDKROOT = macosx;
				SWIFT_VERSION = 5.0;
				TEST_TARGET_NAME = macOS;
			};
			name = Debug;
		};
		5739244A24A586230074AE57 /* Release */ = {
			isa = XCBuildConfiguration;
			buildSettings = {
				ALWAYS_EMBED_SWIFT_STANDARD_LIBRARIES = YES;
				CODE_SIGN_STYLE = Automatic;
				COMBINE_HIDPI_IMAGES = YES;
				DEVELOPMENT_TEAM = 3C42F7N9CQ;
				INFOPLIST_FILE = "Tests macOS/Info.plist";
				LD_RUNPATH_SEARCH_PATHS = (
					"$(inherited)",
					"@executable_path/../Frameworks",
					"@loader_path/../Frameworks",
				);
				MACOSX_DEPLOYMENT_TARGET = 10.16;
				PRODUCT_BUNDLE_IDENTIFIER = "co.jossy.Tests-macOS";
				PRODUCT_NAME = "$(TARGET_NAME)";
				SDKROOT = macosx;
				SWIFT_VERSION = 5.0;
				TEST_TARGET_NAME = macOS;
			};
			name = Release;
		};
/* End XCBuildConfiguration section */

/* Begin XCConfigurationList section */
		5739240924A586210074AE57 /* Build configuration list for PBXProject "Downer" */ = {
			isa = XCConfigurationList;
			buildConfigurations = (
				5739243D24A586230074AE57 /* Debug */,
				5739243E24A586230074AE57 /* Release */,
			);
			defaultConfigurationIsVisible = 0;
			defaultConfigurationName = Release;
		};
		5739243F24A586230074AE57 /* Build configuration list for PBXNativeTarget "iOS" */ = {
			isa = XCConfigurationList;
			buildConfigurations = (
				5739244024A586230074AE57 /* Debug */,
				5739244124A586230074AE57 /* Release */,
			);
			defaultConfigurationIsVisible = 0;
			defaultConfigurationName = Release;
		};
		5739244224A586230074AE57 /* Build configuration list for PBXNativeTarget "macOS" */ = {
			isa = XCConfigurationList;
			buildConfigurations = (
				5739244324A586230074AE57 /* Debug */,
				5739244424A586230074AE57 /* Release */,
			);
			defaultConfigurationIsVisible = 0;
			defaultConfigurationName = Release;
		};
		5739244524A586230074AE57 /* Build configuration list for PBXNativeTarget "Tests iOS" */ = {
			isa = XCConfigurationList;
			buildConfigurations = (
				5739244624A586230074AE57 /* Debug */,
				5739244724A586230074AE57 /* Release */,
			);
			defaultConfigurationIsVisible = 0;
			defaultConfigurationName = Release;
		};
		5739244824A586230074AE57 /* Build configuration list for PBXNativeTarget "Tests macOS" */ = {
			isa = XCConfigurationList;
			buildConfigurations = (
				5739244924A586230074AE57 /* Debug */,
				5739244A24A586230074AE57 /* Release */,
			);
			defaultConfigurationIsVisible = 0;
			defaultConfigurationName = Release;
		};
/* End XCConfigurationList section */
	};
	rootObject = 5739240624A586210074AE57 /* Project object */;
}
